version = 1
revision = 3
requires-python = ">=3.12"

[[package]]
name = "aws-batch-runtime-monitoring"
version = "0.1.0"
source = { virtual = "." }

[package.dev-dependencies]
dev = [
    { name = "boto3" },
]

[package.metadata]

[package.metadata.requires-dev]
dev = [{ name = "boto3", specifier = ">=1.40.57" }]

[[package]]
name = "boto3"
version = "1.40.57"
source = { registry = "https://pypi.org/simple" }
dependencies = [
    { name = "botocore" },
    { name = "jmespath" },
    { name = "s3transfer" },
]
sdist = { url = "https://files.pythonhosted.org/packages/b3/26/b0ed74e73b58f7e1e39cd6645e14e5c2a9a2bc121f67ebd8bde3d74a5bfe/boto3-1.40.57.tar.gz", hash = "sha256:717605170cb167e07462b7f033b26bc9c0fee34b78b5eac52edcd6149915e23f", size = 111536, upload-time = "2025-10-22T20:27:18.797Z" }
wheels = [
    { url = "https://files.pythonhosted.org/packages/cc/a5/5c2437915135b6966bdefdbdc110bc58b4a8852cf1496cf49431976fff64/boto3-1.40.57-py3-none-any.whl", hash = "sha256:4ceeac741b04cd5d9193c85d1707597a30f7482682733437454408ea755ee151", size = 139323, upload-time = "2025-10-22T20:27:16.37Z" },
]

[[package]]
name = "botocore"
version = "1.40.57"
source = { registry = "https://pypi.org/simple" }
dependencies = [
    { name = "jmespath" },
    { name = "python-dateutil" },
    { name = "urllib3" },
]
sdist = { url = "https://files.pythonhosted.org/packages/09/cb/7ba66090c6c4b31551a1c42feafa77a0b686ab9d18ee17436fa413b0e854/botocore-1.40.57.tar.gz", hash = "sha256:39bb0570e10eb7a5d518974865aeebafe275498c8f132b23e3021b957babaf8a", size = 14466171, upload-time = "2025-10-22T20:27:07.121Z" }
wheels = [
    { url = "https://files.pythonhosted.org/packages/5e/5a/cc3df0b192c958e0336d44fad820fff7375ba23e0037620ea675da8ef2dd/botocore-1.40.57-py3-none-any.whl", hash = "sha256:95dfd35e0863c3e33d458b0e74eb5a82d73521347c25651e1a0e18cf921ee010", size = 14134566, upload-time = "2025-10-22T20:27:03.253Z" },
]

[[package]]
name = "jmespath"
version = "1.0.1"
source = { registry = "https://pypi.org/simple" }
sdist = { url = "https://files.pythonhosted.org/packages/00/2a/e867e8531cf3e36b41201936b7fa7ba7b5702dbef42922193f05c8976cd6/jmespath-1.0.1.tar.gz", hash = "sha256:90261b206d6defd58fdd5e85f478bf633a2901798906be2ad389150c5c60edbe", size = 25843, upload-time = "2022-06-17T18:00:12.224Z" }
wheels = [
    { url = "https://files.pythonhosted.org/packages/31/b4/b9b800c45527aadd64d5b442f9b932b00648617eb5d63d2c7a6587b7cafc/jmespath-1.0.1-py3-none-any.whl", hash = "sha256:02e2e4cc71b5bcab88332eebf907519190dd9e6e82107fa7f83b1003a6252980", size = 20256, upload-time = "2022-06-17T18:00:10.251Z" },
]

[[package]]
name = "python-dateutil"
version = "2.9.0.post0"
source = { registry = "https://pypi.org/simple" }
dependencies = [
    { name = "six" },
]
sdist = { url = "https://files.pythonhosted.org/packages/66/c0/0c8b6ad9f17a802ee498c46e004a0eb49bc148f2fd230864601a86dcf6db/python-dateutil-2.9.0.post0.tar.gz", hash = "sha256:37dd54208da7e1cd875388217d5e00ebd4179249f90fb72437e91a35459a0ad3", size = 342432, upload-time = "2024-03-01T18:36:20.211Z" }
wheels = [
    { url = "https://files.pythonhosted.org/packages/ec/57/56b9bcc3c9c6a792fcbaf139543cee77261f3651ca9da0c93f5c1221264b/python_dateutil-2.9.0.post0-py2.py3-none-any.whl", hash = "sha256:a8b2bc7bffae282281c8140a97d3aa9c14da0b136dfe83f850eea9a5f7470427", size = 229892, upload-time = "2024-03-01T18:36:18.57Z" },
]

[[package]]
name = "s3transfer"
version = "0.14.0"
source = { registry = "https://pypi.org/simple" }
dependencies = [
    { name = "botocore" },
]
sdist = { url = "https://files.pythonhosted.org/packages/62/74/8d69dcb7a9efe8baa2046891735e5dfe433ad558ae23d9e3c14c633d1d58/s3transfer-0.14.0.tar.gz", hash = "sha256:eff12264e7c8b4985074ccce27a3b38a485bb7f7422cc8046fee9be4983e4125", size = 151547, upload-time = "2025-09-09T19:23:31.089Z" }
wheels = [
    { url = "https://files.pythonhosted.org/packages/48/f0/ae7ca09223a81a1d890b2557186ea015f6e0502e9b8cb8e1813f1d8cfa4e/s3transfer-0.14.0-py3-none-any.whl", hash = "sha256:ea3b790c7077558ed1f02a3072fb3cb992bbbd253392f4b6e9e8976941c7d456", size = 85712, upload-time = "2025-09-09T19:23:30.041Z" },
]

[[package]]
name = "six"
version = "1.17.0"
source = { registry = "https://pypi.org/simple" }
sdist = { url = "https://files.pythonhosted.org/packages/94/e7/b2c673351809dca68a0e064b6af791aa332cf192da575fd474ed7d6f16a2/six-1.17.0.tar.gz", hash = "sha256:ff70335d468e7eb6ec65b95b99d3a2836546063f63acc5171de367e834932a81", size = 34031, upload-time = "2024-12-04T17:35:28.174Z" }
wheels = [
    { url = "https://files.pythonhosted.org/packages/b7/ce/149a00dd41f10bc29e5921b496af8b574d8413afcd5e30dfa0ed46c2cc5e/six-1.17.0-py2.py3-none-any.whl", hash = "sha256:4721f391ed90541fddacab5acf947aa0d3dc7d27b2e1e8eda2be8970586c3274", size = 11050, upload-time = "2024-12-04T17:35:26.475Z" },
]

[[package]]
name = "urllib3"
version = "2.5.0"
source = { registry = "https://pypi.org/simple" }
sdist = { url = "https://files.pythonhosted.org/packages/15/22/9ee70a2574a4f4599c47dd506532914ce044817c7752a79b6a51286319bc/urllib3-2.5.0.tar.gz", hash = "sha256:3fc47733c7e419d4bc3f6b3dc2b4f890bb743906a30d56ba4a5bfa4bbff92760", size = 393185, upload-time = "2025-06-18T14:07:41.644Z" }
wheels = [
    { url = "https://files.pythonhosted.org/packages/a7/c2/fe1e52489ae3122415c51f387e221dd0773709bad6c6cdaa599e8a2c5185/urllib3-2.5.0-py3-none-any.whl", hash = "sha256:e6b01673c0fa6a13e374b50871808eb3bf7046c4b125b216f6bf1cc604cff0dc", size = 129795, upload-time = "2025-06-18T14:07:40.39Z" },
]
